<?xml version="1.0" encoding="utf-8"?>
<Project ToolsVersion="4.0" xmlns="http://schemas.microsoft.com/developer/msbuild/2003">
  <ItemGroup>
    <Filter Include="Source Files">
      <UniqueIdentifier>{4FC737F1-C7A5-4376-A066-2A32D752A2FF}</UniqueIdentifier>
      <Extensions>cpp;c;cc;cxx;def;odl;idl;hpj;bat;asm;asmx</Extensions>
    </Filter>
    <Filter Include="Header Files">
      <UniqueIdentifier>{93995380-89BD-4b04-88EB-625FBE52EBFB}</UniqueIdentifier>
      <Extensions>h;hh;hpp;hxx;hm;inl;inc;xsd</Extensions>
    </Filter>
    <Filter Include="Resource Files">
      <UniqueIdentifier>{67DA6AB6-F800-4c08-8B7A-83BB121AAD01}</UniqueIdentifier>
      <Extensions>rc;ico;cur;bmp;dlg;rc2;rct;bin;rgs;gif;jpg;jpeg;jpe;resx;tiff;tif;png;wav;mfcribbon-ms</Extensions>
    </Filter>
    <Filter Include="Header Files\Utilities">
      <UniqueIdentifier>{46feb21a-6557-41fc-ab10-d3d8cf10cd17}</UniqueIdentifier>
    </Filter>
    <Filter Include="Header Files\Utilities\Collision">
      <UniqueIdentifier>{e2b1fe00-dc76-4a08-aa6b-f94fa1ae447d}</UniqueIdentifier>
    </Filter>
    <Filter Include="Header Files\World">
      <UniqueIdentifier>{f8d4b5a6-5413-4de7-a898-74ac8234a733}</UniqueIdentifier>
    </Filter>
    <Filter Include="Header Files\World\Map1">
      <UniqueIdentifier>{8ae23658-56bc-446d-8569-7324baf50bbf}</UniqueIdentifier>
    </Filter>
    <Filter Include="Source Files\Utilities">
      <UniqueIdentifier>{c3a1bf44-cb27-4fc2-8816-6bddbf4eb6c1}</UniqueIdentifier>
    </Filter>
    <Filter Include="Source Files\Utilities\Collision">
      <UniqueIdentifier>{1b78bd18-ca54-4c52-acac-5541b908d448}</UniqueIdentifier>
    </Filter>
    <Filter Include="Source Files\World">
      <UniqueIdentifier>{4080887c-d2a9-4eeb-b248-09ba96f3443c}</UniqueIdentifier>
    </Filter>
    <Filter Include="Source Files\World\Map1">
      <UniqueIdentifier>{44b6ea82-898c-4abf-8e25-0b1eb87ffc32}</UniqueIdentifier>
    </Filter>
  </ItemGroup>
  <ItemGroup>
    <Text Include="ReadMe.txt" />
  </ItemGroup>
  <ItemGroup>
    <ClInclude Include="stdafx.h">
      <Filter>Header Files</Filter>
    </ClInclude>
    <ClInclude Include="targetver.h">
      <Filter>Header Files</Filter>
    </ClInclude>
    <ClInclude Include="Player.h">
      <Filter>Header Files</Filter>
    </ClInclude>
    <ClInclude Include="Collision.h">
      <Filter>Header Files\Utilities\Collision</Filter>
    </ClInclude>
    <ClInclude Include="CollisionDetection.h">
      <Filter>Header Files\Utilities\Collision</Filter>
    </ClInclude>
    <ClInclude Include="CollisionEllipsoid.h">
      <Filter>Header Files\Utilities\Collision</Filter>
    </ClInclude>
    <ClInclude Include="CollisionPlane.h">
      <Filter>Header Files\Utilities\Collision</Filter>
    </ClInclude>
    <ClInclude Include="CollisionPolygon.h">
      <Filter>Header Files\Utilities\Collision</Filter>
    </ClInclude>
    <ClInclude Include="Texture.h">
      <Filter>Header Files\Utilities</Filter>
    </ClInclude>
    <ClInclude Include="Skydome.h">
      <Filter>Header Files\World\Map1</Filter>
    </ClInclude>
    <ClInclude Include="SceneObject.h">
      <Filter>Header Files\World\Map1</Filter>
    </ClInclude>
    <ClInclude Include="Scene.h">
      <Filter>Header Files\World\Map1</Filter>
    </ClInclude>
    <ClInclude Include="Terrain.h">
      <Filter>Header Files\World\Map1</Filter>
    </ClInclude>
    <ClInclude Include="MainMenu.h">
      <Filter>Header Files\Utilities</Filter>
    </ClInclude>
    <ClInclude Include="TextBox.h">
      <Filter>Header Files\Utilities</Filter>
    </ClInclude>
    <ClInclude Include="Audio.h">
      <Filter>Header Files\Utilities</Filter>
    </ClInclude>
    <ClInclude Include="Vec3.h">
      <Filter>Header Files\Utilities</Filter>
    </ClInclude>
    <ClInclude Include="Wall.h">
      <Filter>Header Files\Utilities</Filter>
    </ClInclude>
    <ClInclude Include="Insanitarium.h">
      <Filter>Header Files</Filter>
    </ClInclude>
    <ClInclude Include="..\3rd_party\bitmap\Bitmap.h">
      <Filter>Header Files\Utilities</Filter>
    </ClInclude>
  </ItemGroup>
  <ItemGroup>
    <ClCompile Include="stdafx.cpp">
      <Filter>Source Files</Filter>
    </ClCompile>
    <ClCompile Include="Insanitarium.cpp">
      <Filter>Source Files</Filter>
    </ClCompile>
    <ClCompile Include="Player.cpp">
      <Filter>Source Files</Filter>
    </ClCompile>
    <ClCompile Include="CollisionDetection.cpp">
      <Filter>Source Files\Utilities\Collision</Filter>
    </ClCompile>
    <ClCompile Include="CollisionPolygon.cpp">
      <Filter>Source Files\Utilities\Collision</Filter>
    </ClCompile>
    <ClCompile Include="Audio.cpp">
      <Filter>Source Files\Utilities</Filter>
    </ClCompile>
    <ClCompile Include="MainMenu.cpp">
      <Filter>Source Files\Utilities</Filter>
    </ClCompile>
    <ClCompile Include="TextBox.cpp">
      <Filter>Source Files\Utilities</Filter>
    </ClCompile>
    <ClCompile Include="Wall.cpp">
      <Filter>Source Files\Utilities</Filter>
    </ClCompile>
    <ClCompile Include="Texture.cpp">
      <Filter>Source Files\Utilities</Filter>
    </ClCompile>
    <ClCompile Include="Scene.cpp">
      <Filter>Source Files\World\Map1</Filter>
    </ClCompile>
    <ClCompile Include="SceneObject.cpp">
      <Filter>Source Files\World\Map1</Filter>
    </ClCompile>
    <ClCompile Include="Skydome.cpp">
      <Filter>Source Files\World\Map1</Filter>
    </ClCompile>
    <ClCompile Include="Terrain.cpp">
      <Filter>Source Files\World\Map1</Filter>
    </ClCompile>
    <ClCompile Include="..\3rd_party\bitmap\Bitmap.cpp">
      <Filter>Source Files\Utilities</Filter>
    </ClCompile>
  </ItemGroup>
</Project>